// !$*UTF8*$!
{
	archiveVersion = 1;
	classes = {
	};
	objectVersion = 55;
	objects = {

/* Begin PBXBuildFile section */
		3F007C93283D1C3600CFFCA1 /* Landmark.swift in Sources */ = {isa = PBXBuildFile; fileRef = 3F007C92283D1C3600CFFCA1 /* Landmark.swift */; };
		3F4075B3283A7FAC008FA24C /* charleyrivers.jpg in Resources */ = {isa = PBXBuildFile; fileRef = 3F4075A5283A7FAC008FA24C /* charleyrivers.jpg */; };
		3F4075B4283A7FAC008FA24C /* turtlerock.jpg in Resources */ = {isa = PBXBuildFile; fileRef = 3F4075A6283A7FAC008FA24C /* turtlerock.jpg */; };
		3F4075B5283A7FAC008FA24C /* silversalmoncreek.jpg in Resources */ = {isa = PBXBuildFile; fileRef = 3F4075A7283A7FAC008FA24C /* silversalmoncreek.jpg */; };
		3F4075B6283A7FAC008FA24C /* hikeData.json in Resources */ = {isa = PBXBuildFile; fileRef = 3F4075A8283A7FAC008FA24C /* hikeData.json */; };
		3F4075B7283A7FAC008FA24C /* icybay.jpg in Resources */ = {isa = PBXBuildFile; fileRef = 3F4075A9283A7FAC008FA24C /* icybay.jpg */; };
		3F4075B8283A7FAC008FA24C /* lakemcdonald.jpg in Resources */ = {isa = PBXBuildFile; fileRef = 3F4075AA283A7FAC008FA24C /* lakemcdonald.jpg */; };
		3F4075B9283A7FAC008FA24C /* hiddenlake.jpg in Resources */ = {isa = PBXBuildFile; fileRef = 3F4075AB283A7FAC008FA24C /* hiddenlake.jpg */; };
		3F4075BA283A7FAC008FA24C /* twinlake.jpg in Resources */ = {isa = PBXBuildFile; fileRef = 3F4075AC283A7FAC008FA24C /* twinlake.jpg */; };
		3F4075BB283A7FAC008FA24C /* umbagog.jpg in Resources */ = {isa = PBXBuildFile; fileRef = 3F4075AD283A7FAC008FA24C /* umbagog.jpg */; };
		3F4075BC283A7FAC008FA24C /* landmarkData.json in Resources */ = {isa = PBXBuildFile; fileRef = 3F4075AE283A7FAC008FA24C /* landmarkData.json */; };
		3F4075BD283A7FAC008FA24C /* chincoteague.jpg in Resources */ = {isa = PBXBuildFile; fileRef = 3F4075AF283A7FAC008FA24C /* chincoteague.jpg */; };
		3F4075BE283A7FAC008FA24C /* stmarylake.jpg in Resources */ = {isa = PBXBuildFile; fileRef = 3F4075B0283A7FAC008FA24C /* stmarylake.jpg */; };
		3F4075BF283A7FAC008FA24C /* chilkoottrail.jpg in Resources */ = {isa = PBXBuildFile; fileRef = 3F4075B1283A7FAC008FA24C /* chilkoottrail.jpg */; };
		3F4075C0283A7FAC008FA24C /* rainbowlake.jpg in Resources */ = {isa = PBXBuildFile; fileRef = 3F4075B2283A7FAC008FA24C /* rainbowlake.jpg */; };
		3F4075C2283A7FF8008FA24C /* CicleImage.swift in Sources */ = {isa = PBXBuildFile; fileRef = 3F4075C1283A7FF8008FA24C /* CicleImage.swift */; };
		3F4075C4283A81D2008FA24C /* MapView.swift in Sources */ = {isa = PBXBuildFile; fileRef = 3F4075C3283A81D2008FA24C /* MapView.swift */; };
		3F63AE92283930280044F15F /* LandmarksApp.swift in Sources */ = {isa = PBXBuildFile; fileRef = 3F63AE91283930280044F15F /* LandmarksApp.swift */; };
		3F63AE94283930280044F15F /* ContentView.swift in Sources */ = {isa = PBXBuildFile; fileRef = 3F63AE93283930280044F15F /* ContentView.swift */; };
		3F63AE96283930290044F15F /* Assets.xcassets in Resources */ = {isa = PBXBuildFile; fileRef = 3F63AE95283930290044F15F /* Assets.xcassets */; };
		3F63AE99283930290044F15F /* Preview Assets.xcassets in Resources */ = {isa = PBXBuildFile; fileRef = 3F63AE98283930290044F15F /* Preview Assets.xcassets */; };
		3F63AEA3283930290044F15F /* LandmarksTests.swift in Sources */ = {isa = PBXBuildFile; fileRef = 3F63AEA2283930290044F15F /* LandmarksTests.swift */; };
		3F63AEAD283930290044F15F /* LandmarksUITests.swift in Sources */ = {isa = PBXBuildFile; fileRef = 3F63AEAC283930290044F15F /* LandmarksUITests.swift */; };
		3F63AEAF283930290044F15F /* LandmarksUITestsLaunchTests.swift in Sources */ = {isa = PBXBuildFile; fileRef = 3F63AEAE283930290044F15F /* LandmarksUITestsLaunchTests.swift */; };
		3FEA1B0C283E6249005737F1 /* Data.swift in Sources */ = {isa = PBXBuildFile; fileRef = 3FEA1B0B283E6249005737F1 /* Data.swift */; };
/* End PBXBuildFile section */

/* Begin PBXContainerItemProxy section */
		3F63AE9F283930290044F15F /* PBXContainerItemProxy */ = {
			isa = PBXContainerItemProxy;
			containerPortal = 3F63AE86283930280044F15F /* Project object */;
			proxyType = 1;
			remoteGlobalIDString = 3F63AE8D283930280044F15F;
			remoteInfo = Landmarks;
		};
		3F63AEA9283930290044F15F /* PBXContainerItemProxy */ = {
			isa = PBXContainerItemProxy;
			containerPortal = 3F63AE86283930280044F15F /* Project object */;
			proxyType = 1;
			remoteGlobalIDString = 3F63AE8D283930280044F15F;
			remoteInfo = Landmarks;
		};
/* End PBXContainerItemProxy section */

/* Begin PBXFileReference section */
		3F007C92283D1C3600CFFCA1 /* Landmark.swift */ = {isa = PBXFileReference; lastKnownFileType = sourcecode.swift; path = Landmark.swift; sourceTree = "<group>"; };
		3F4075A5283A7FAC008FA24C /* charleyrivers.jpg */ = {isa = PBXFileReference; lastKnownFileType = image.jpeg; path = charleyrivers.jpg; sourceTree = "<group>"; };
		3F4075A6283A7FAC008FA24C /* turtlerock.jpg */ = {isa = PBXFileReference; lastKnownFileType = image.jpeg; path = turtlerock.jpg; sourceTree = "<group>"; };
		3F4075A7283A7FAC008FA24C /* silversalmoncreek.jpg */ = {isa = PBXFileReference; lastKnownFileType = image.jpeg; path = silversalmoncreek.jpg; sourceTree = "<group>"; };
		3F4075A8283A7FAC008FA24C /* hikeData.json */ = {isa = PBXFileReference; fileEncoding = 4; lastKnownFileType = text.json; path = hikeData.json; sourceTree = "<group>"; };
		3F4075A9283A7FAC008FA24C /* icybay.jpg */ = {isa = PBXFileReference; lastKnownFileType = image.jpeg; path = icybay.jpg; sourceTree = "<group>"; };
		3F4075AA283A7FAC008FA24C /* lakemcdonald.jpg */ = {isa = PBXFileReference; lastKnownFileType = image.jpeg; path = lakemcdonald.jpg; sourceTree = "<group>"; };
		3F4075AB283A7FAC008FA24C /* hiddenlake.jpg */ = {isa = PBXFileReference; lastKnownFileType = image.jpeg; path = hiddenlake.jpg; sourceTree = "<group>"; };
		3F4075AC283A7FAC008FA24C /* twinlake.jpg */ = {isa = PBXFileReference; lastKnownFileType = image.jpeg; path = twinlake.jpg; sourceTree = "<group>"; };
		3F4075AD283A7FAC008FA24C /* umbagog.jpg */ = {isa = PBXFileReference; lastKnownFileType = image.jpeg; path = umbagog.jpg; sourceTree = "<group>"; };
		3F4075AE283A7FAC008FA24C /* landmarkData.json */ = {isa = PBXFileReference; fileEncoding = 4; lastKnownFileType = text.json; path = landmarkData.json; sourceTree = "<group>"; };
		3F4075AF283A7FAC008FA24C /* chincoteague.jpg */ = {isa = PBXFileReference; lastKnownFileType = image.jpeg; path = chincoteague.jpg; sourceTree = "<group>"; };
		3F4075B0283A7FAC008FA24C /* stmarylake.jpg */ = {isa = PBXFileReference; lastKnownFileType = image.jpeg; path = stmarylake.jpg; sourceTree = "<group>"; };
		3F4075B1283A7FAC008FA24C /* chilkoottrail.jpg */ = {isa = PBXFileReference; lastKnownFileType = image.jpeg; path = chilkoottrail.jpg; sourceTree = "<group>"; };
		3F4075B2283A7FAC008FA24C /* rainbowlake.jpg */ = {isa = PBXFileReference; lastKnownFileType = image.jpeg; path = rainbowlake.jpg; sourceTree = "<group>"; };
		3F4075C1283A7FF8008FA24C /* CicleImage.swift */ = {isa = PBXFileReference; lastKnownFileType = sourcecode.swift; path = CicleImage.swift; sourceTree = "<group>"; };
		3F4075C3283A81D2008FA24C /* MapView.swift */ = {isa = PBXFileReference; lastKnownFileType = sourcecode.swift; path = MapView.swift; sourceTree = "<group>"; };
		3F63AE8E283930280044F15F /* Landmarks.app */ = {isa = PBXFileReference; explicitFileType = wrapper.application; includeInIndex = 0; path = Landmarks.app; sourceTree = BUILT_PRODUCTS_DIR; };
		3F63AE91283930280044F15F /* LandmarksApp.swift */ = {isa = PBXFileReference; lastKnownFileType = sourcecode.swift; path = LandmarksApp.swift; sourceTree = "<group>"; };
		3F63AE93283930280044F15F /* ContentView.swift */ = {isa = PBXFileReference; lastKnownFileType = sourcecode.swift; path = ContentView.swift; sourceTree = "<group>"; };
		3F63AE95283930290044F15F /* Assets.xcassets */ = {isa = PBXFileReference; lastKnownFileType = folder.assetcatalog; path = Assets.xcassets; sourceTree = "<group>"; };
		3F63AE98283930290044F15F /* Preview Assets.xcassets */ = {isa = PBXFileReference; lastKnownFileType = folder.assetcatalog; path = "Preview Assets.xcassets"; sourceTree = "<group>"; };
		3F63AE9E283930290044F15F /* LandmarksTests.xctest */ = {isa = PBXFileReference; explicitFileType = wrapper.cfbundle; includeInIndex = 0; path = LandmarksTests.xctest; sourceTree = BUILT_PRODUCTS_DIR; };
		3F63AEA2283930290044F15F /* LandmarksTests.swift */ = {isa = PBXFileReference; lastKnownFileType = sourcecode.swift; path = LandmarksTests.swift; sourceTree = "<group>"; };
		3F63AEA8283930290044F15F /* LandmarksUITests.xctest */ = {isa = PBXFileReference; explicitFileType = wrapper.cfbundle; includeInIndex = 0; path = LandmarksUITests.xctest; sourceTree = BUILT_PRODUCTS_DIR; };
		3F63AEAC283930290044F15F /* LandmarksUITests.swift */ = {isa = PBXFileReference; lastKnownFileType = sourcecode.swift; path = LandmarksUITests.swift; sourceTree = "<group>"; };
		3F63AEAE283930290044F15F /* LandmarksUITestsLaunchTests.swift */ = {isa = PBXFileReference; lastKnownFileType = sourcecode.swift; path = LandmarksUITestsLaunchTests.swift; sourceTree = "<group>"; };
		3FEA1B0B283E6249005737F1 /* Data.swift */ = {isa = PBXFileReference; lastKnownFileType = sourcecode.swift; path = Data.swift; sourceTree = "<group>"; };
/* End PBXFileReference section */

/* Begin PBXFrameworksBuildPhase section */
		3F63AE8B283930280044F15F /* Frameworks */ = {
			isa = PBXFrameworksBuildPhase;
			buildActionMask = 2147483647;
			files = (
			);
			runOnlyForDeploymentPostprocessing = 0;
		};
		3F63AE9B283930290044F15F /* Frameworks */ = {
			isa = PBXFrameworksBuildPhase;
			buildActionMask = 2147483647;
			files = (
			);
			runOnlyForDeploymentPostprocessing = 0;
		};
		3F63AEA5283930290044F15F /* Frameworks */ = {
			isa = PBXFrameworksBuildPhase;
			buildActionMask = 2147483647;
			files = (
			);
			runOnlyForDeploymentPostprocessing = 0;
		};
/* End PBXFrameworksBuildPhase section */

/* Begin PBXGroup section */
		3F007C90283D1C0200CFFCA1 /* Models */ = {
			isa = PBXGroup;
			children = (
				3F007C92283D1C3600CFFCA1 /* Landmark.swift */,
				3FEA1B0B283E6249005737F1 /* Data.swift */,
			);
			path = Models;
			sourceTree = "<group>";
		};
		3F4075A4283A7FAC008FA24C /* Resources */ = {
			isa = PBXGroup;
			children = (
				3F4075A5283A7FAC008FA24C /* charleyrivers.jpg */,
				3F4075A6283A7FAC008FA24C /* turtlerock.jpg */,
				3F4075A7283A7FAC008FA24C /* silversalmoncreek.jpg */,
				3F4075A8283A7FAC008FA24C /* hikeData.json */,
				3F4075A9283A7FAC008FA24C /* icybay.jpg */,
				3F4075AA283A7FAC008FA24C /* lakemcdonald.jpg */,
				3F4075AB283A7FAC008FA24C /* hiddenlake.jpg */,
				3F4075AC283A7FAC008FA24C /* twinlake.jpg */,
				3F4075AD283A7FAC008FA24C /* umbagog.jpg */,
				3F4075AE283A7FAC008FA24C /* landmarkData.json */,
				3F4075AF283A7FAC008FA24C /* chincoteague.jpg */,
				3F4075B0283A7FAC008FA24C /* stmarylake.jpg */,
				3F4075B1283A7FAC008FA24C /* chilkoottrail.jpg */,
				3F4075B2283A7FAC008FA24C /* rainbowlake.jpg */,
			);
			name = Resources;
			path = ../../Downloads/Resources;
			sourceTree = "<group>";
		};
		3F63AE85283930280044F15F = {
			isa = PBXGroup;
			children = (
				3F4075A4283A7FAC008FA24C /* Resources */,
				3F63AE90283930280044F15F /* Landmarks */,
				3F63AEA1283930290044F15F /* LandmarksTests */,
				3F63AEAB283930290044F15F /* LandmarksUITests */,
				3F63AE8F283930280044F15F /* Products */,
			);
			sourceTree = "<group>";
		};
		3F63AE8F283930280044F15F /* Products */ = {
			isa = PBXGroup;
			children = (
				3F63AE8E283930280044F15F /* Landmarks.app */,
				3F63AE9E283930290044F15F /* LandmarksTests.xctest */,
				3F63AEA8283930290044F15F /* LandmarksUITests.xctest */,
			);
			name = Products;
			sourceTree = "<group>";
		};
		3F63AE90283930280044F15F /* Landmarks */ = {
			isa = PBXGroup;
			children = (
				3F4075C1283A7FF8008FA24C /* CicleImage.swift */,
				3F4075C3283A81D2008FA24C /* MapView.swift */,
				3F63AE91283930280044F15F /* LandmarksApp.swift */,
				3F63AE93283930280044F15F /* ContentView.swift */,
				3F007C90283D1C0200CFFCA1 /* Models */,
				3F63AE95283930290044F15F /* Assets.xcassets */,
				3F63AE97283930290044F15F /* Preview Content */,
			);
			path = Landmarks;
			sourceTree = "<group>";
		};
		3F63AE97283930290044F15F /* Preview Content */ = {
			isa = PBXGroup;
			children = (
				3F63AE98283930290044F15F /* Preview Assets.xcassets */,
			);
			path = "Preview Content";
			sourceTree = "<group>";
		};
		3F63AEA1283930290044F15F /* LandmarksTests */ = {
			isa = PBXGroup;
			children = (
				3F63AEA2283930290044F15F /* LandmarksTests.swift */,
			);
			path = LandmarksTests;
			sourceTree = "<group>";
		};
		3F63AEAB283930290044F15F /* LandmarksUITests */ = {
			isa = PBXGroup;
			children = (
				3F63AEAC283930290044F15F /* LandmarksUITests.swift */,
				3F63AEAE283930290044F15F /* LandmarksUITestsLaunchTests.swift */,
			);
			path = LandmarksUITests;
			sourceTree = "<group>";
		};
/* End PBXGroup section */

/* Begin PBXNativeTarget section */
		3F63AE8D283930280044F15F /* Landmarks */ = {
			isa = PBXNativeTarget;
			buildConfigurationList = 3F63AEB2283930290044F15F /* Build configuration list for PBXNativeTarget "Landmarks" */;
			buildPhases = (
				3F63AE8A283930280044F15F /* Sources */,
				3F63AE8B283930280044F15F /* Frameworks */,
				3F63AE8C283930280044F15F /* Resources */,
			);
			buildRules = (
			);
			dependencies = (
			);
			name = Landmarks;
			productName = Landmarks;
			productReference = 3F63AE8E283930280044F15F /* Landmarks.app */;
			productType = "com.apple.product-type.application";
		};
		3F63AE9D283930290044F15F /* LandmarksTests */ = {
			isa = PBXNativeTarget;
			buildConfigurationList = 3F63AEB5283930290044F15F /* Build configuration list for PBXNativeTarget "LandmarksTests" */;
			buildPhases = (
				3F63AE9A283930290044F15F /* Sources */,
				3F63AE9B283930290044F15F /* Frameworks */,
				3F63AE9C283930290044F15F /* Resources */,
			);
			buildRules = (
			);
			dependencies = (
				3F63AEA0283930290044F15F /* PBXTargetDependency */,
			);
			name = LandmarksTests;
			productName = LandmarksTests;
			productReference = 3F63AE9E283930290044F15F /* LandmarksTests.xctest */;
			productType = "com.apple.product-type.bundle.unit-test";
		};
		3F63AEA7283930290044F15F /* LandmarksUITests */ = {
			isa = PBXNativeTarget;
			buildConfigurationList = 3F63AEB8283930290044F15F /* Build configuration list for PBXNativeTarget "LandmarksUITests" */;
			buildPhases = (
				3F63AEA4283930290044F15F /* Sources */,
				3F63AEA5283930290044F15F /* Frameworks */,
				3F63AEA6283930290044F15F /* Resources */,
			);
			buildRules = (
			);
			dependencies = (
				3F63AEAA283930290044F15F /* PBXTargetDependency */,
			);
			name = LandmarksUITests;
			productName = LandmarksUITests;
			productReference = 3F63AEA8283930290044F15F /* LandmarksUITests.xctest */;
			productType = "com.apple.product-type.bundle.ui-testing";
		};
/* End PBXNativeTarget section */

/* Begin PBXProject section */
		3F63AE86283930280044F15F /* Project object */ = {
			isa = PBXProject;
			attributes = {
				BuildIndependentTargetsInParallel = 1;
				LastSwiftUpdateCheck = 1320;
				LastUpgradeCheck = 1320;
				TargetAttributes = {
					3F63AE8D283930280044F15F = {
						CreatedOnToolsVersion = 13.2.1;
					};
					3F63AE9D283930290044F15F = {
						CreatedOnToolsVersion = 13.2.1;
						TestTargetID = 3F63AE8D283930280044F15F;
					};
					3F63AEA7283930290044F15F = {
						CreatedOnToolsVersion = 13.2.1;
						TestTargetID = 3F63AE8D283930280044F15F;
					};
				};
			};
			buildConfigurationList = 3F63AE89283930280044F15F /* Build configuration list for PBXProject "Landmarks" */;
			compatibilityVersion = "Xcode 13.0";
			developmentRegion = en;
			hasScannedForEncodings = 0;
			knownRegions = (
				en,
				Base,
			);
			mainGroup = 3F63AE85283930280044F15F;
			productRefGroup = 3F63AE8F283930280044F15F /* Products */;
			projectDirPath = "";
			projectRoot = "";
			targets = (
				3F63AE8D283930280044F15F /* Landmarks */,
				3F63AE9D283930290044F15F /* LandmarksTests */,
				3F63AEA7283930290044F15F /* LandmarksUITests */,
			);
		};
/* End PBXProject section */

/* Begin PBXResourcesBuildPhase section */
		3F63AE8C283930280044F15F /* Resources */ = {
			isa = PBXResourcesBuildPhase;
			buildActionMask = 2147483647;
			files = (
				3F4075B5283A7FAC008FA24C /* silversalmoncreek.jpg in Resources */,
				3F4075B4283A7FAC008FA24C /* turtlerock.jpg in Resources */,
				3F4075B3283A7FAC008FA24C /* charleyrivers.jpg in Resources */,
				3F63AE99283930290044F15F /* Preview Assets.xcassets in Resources */,
				3F4075B6283A7FAC008FA24C /* hikeData.json in Resources */,
				3F4075BD283A7FAC008FA24C /* chincoteague.jpg in Resources */,
				3F4075BE283A7FAC008FA24C /* stmarylake.jpg in Resources */,
				3F4075BC283A7FAC008FA24C /* landmarkData.json in Resources */,
				3F4075B7283A7FAC008FA24C /* icybay.jpg in Resources */,
				3F4075BA283A7FAC008FA24C /* twinlake.jpg in Resources */,
				3F4075B8283A7FAC008FA24C /* lakemcdonald.jpg in Resources */,
				3F4075B9283A7FAC008FA24C /* hiddenlake.jpg in Resources */,
				3F4075BB283A7FAC008FA24C /* umbagog.jpg in Resources */,
				3F4075C0283A7FAC008FA24C /* rainbowlake.jpg in Resources */,
				3F4075BF283A7FAC008FA24C /* chilkoottrail.jpg in Resources */,
				3F63AE96283930290044F15F /* Assets.xcassets in Resources */,
			);
			runOnlyForDeploymentPostprocessing = 0;
		};
		3F63AE9C283930290044F15F /* Resources */ = {
			isa = PBXResourcesBuildPhase;
			buildActionMask = 2147483647;
			files = (
			);
			runOnlyForDeploymentPostprocessing = 0;
		};
		3F63AEA6283930290044F15F /* Resources */ = {
			isa = PBXResourcesBuildPhase;
			buildActionMask = 2147483647;
			files = (
			);
			runOnlyForDeploymentPostprocessing = 0;
		};
/* End PBXResourcesBuildPhase section */

/* Begin PBXSourcesBuildPhase section */
		3F63AE8A283930280044F15F /* Sources */ = {
			isa = PBXSourcesBuildPhase;
			buildActionMask = 2147483647;
			files = (
				3F63AE94283930280044F15F /* ContentView.swift in Sources */,
				3FEA1B0C283E6249005737F1 /* Data.swift in Sources */,
				3F4075C4283A81D2008FA24C /* MapView.swift in Sources */,
				3F4075C2283A7FF8008FA24C /* CicleImage.swift in Sources */,
				3F63AE92283930280044F15F /* LandmarksApp.swift in Sources */,
				3F007C93283D1C3600CFFCA1 /* Landmark.swift in Sources */,
			);
			runOnlyForDeploymentPostprocessing = 0;
		};
		3F63AE9A283930290044F15F /* Sources */ = {
			isa = PBXSourcesBuildPhase;
			buildActionMask = 2147483647;
			files = (
				3F63AEA3283930290044F15F /* LandmarksTests.swift in Sources */,
			);
			runOnlyForDeploymentPostprocessing = 0;
		};
		3F63AEA4283930290044F15F /* Sources */ = {
			isa = PBXSourcesBuildPhase;
			buildActionMask = 2147483647;
			files = (
				3F63AEAF283930290044F15F /* LandmarksUITestsLaunchTests.swift in Sources */,
				3F63AEAD283930290044F15F /* LandmarksUITests.swift in Sources */,
			);
			runOnlyForDeploymentPostprocessing = 0;
		};
/* End PBXSourcesBuildPhase section */

/* Begin PBXTargetDependency section */
		3F63AEA0283930290044F15F /* PBXTargetDependency */ = {
			isa = PBXTargetDependency;
			target = 3F63AE8D283930280044F15F /* Landmarks */;
			targetProxy = 3F63AE9F283930290044F15F /* PBXContainerItemProxy */;
		};
		3F63AEAA283930290044F15F /* PBXTargetDependency */ = {
			isa = PBXTargetDependency;
			target = 3F63AE8D283930280044F15F /* Landmarks */;
			targetProxy = 3F63AEA9283930290044F15F /* PBXContainerItemProxy */;
		};
/* End PBXTargetDependency section */

/* Begin XCBuildConfiguration section */
		3F63AEB0283930290044F15F /* Debug */ = {
			isa = XCBuildConfiguration;
			buildSettings = {
				ALWAYS_SEARCH_USER_PATHS = NO;
				CLANG_ANALYZER_NONNULL = YES;
				CLANG_ANALYZER_NUMBER_OBJECT_CONVERSION = YES_AGGRESSIVE;
				CLANG_CXX_LANGUAGE_STANDARD = "gnu++17";
				CLANG_CXX_LIBRARY = "libc++";
				CLANG_ENABLE_MODULES = YES;
				CLANG_ENABLE_OBJC_ARC = YES;
				CLANG_ENABLE_OBJC_WEAK = YES;
				CLANG_WARN_BLOCK_CAPTURE_AUTORELEASING = YES;
				CLANG_WARN_BOOL_CONVERSION = YES;
				CLANG_WARN_COMMA = YES;
				CLANG_WARN_CONSTANT_CONVERSION = YES;
				CLANG_WARN_DEPRECATED_OBJC_IMPLEMENTATIONS = YES;
				CLANG_WARN_DIRECT_OBJC_ISA_USAGE = YES_ERROR;
				CLANG_WARN_DOCUMENTATION_COMMENTS = YES;
				CLANG_WARN_EMPTY_BODY = YES;
				CLANG_WARN_ENUM_CONVERSION = YES;
				CLANG_WARN_INFINITE_RECURSION = YES;
				CLANG_WARN_INT_CONVERSION = YES;
				CLANG_WARN_NON_LITERAL_NULL_CONVERSION = YES;
				CLANG_WARN_OBJC_IMPLICIT_RETAIN_SELF = YES;
				CLANG_WARN_OBJC_LITERAL_CONVERSION = YES;
				CLANG_WARN_OBJC_ROOT_CLASS = YES_ERROR;
				CLANG_WARN_QUOTED_INCLUDE_IN_FRAMEWORK_HEADER = YES;
				CLANG_WARN_RANGE_LOOP_ANALYSIS = YES;
				CLANG_WARN_STRICT_PROTOTYPES = YES;
				CLANG_WARN_SUSPICIOUS_MOVE = YES;
				CLANG_WARN_UNGUARDED_AVAILABILITY = YES_AGGRESSIVE;
				CLANG_WARN_UNREACHABLE_CODE = YES;
				CLANG_WARN__DUPLICATE_METHOD_MATCH = YES;
				COPY_PHASE_STRIP = NO;
				DEBUG_INFORMATION_FORMAT = dwarf;
				ENABLE_STRICT_OBJC_MSGSEND = YES;
				ENABLE_TESTABILITY = YES;
				GCC_C_LANGUAGE_STANDARD = gnu11;
				GCC_DYNAMIC_NO_PIC = NO;
				GCC_NO_COMMON_BLOCKS = YES;
				GCC_OPTIMIZATION_LEVEL = 0;
				GCC_PREPROCESSOR_DEFINITIONS = (
					"DEBUG=1",
					"$(inherited)",
				);
				GCC_WARN_64_TO_32_BIT_CONVERSION = YES;
				GCC_WARN_ABOUT_RETURN_TYPE = YES_ERROR;
				GCC_WARN_UNDECLARED_SELECTOR = YES;
				GCC_WARN_UNINITIALIZED_AUTOS = YES_AGGRESSIVE;
				GCC_WARN_UNUSED_FUNCTION = YES;
				GCC_WARN_UNUSED_VARIABLE = YES;
				IPHONEOS_DEPLOYMENT_TARGET = 15.2;
				MTL_ENABLE_DEBUG_INFO = INCLUDE_SOURCE;
				MTL_FAST_MATH = YES;
				ONLY_ACTIVE_ARCH = YES;
				SDKROOT = iphoneos;
				SWIFT_ACTIVE_COMPILATION_CONDITIONS = DEBUG;
				SWIFT_OPTIMIZATION_LEVEL = "-Onone";
			};
			name = Debug;
		};
		3F63AEB1283930290044F15F /* Release */ = {
			isa = XCBuildConfiguration;
			buildSettings = {
				ALWAYS_SEARCH_USER_PATHS = NO;
				CLANG_ANALYZER_NONNULL = YES;
				CLANG_ANALYZER_NUMBER_OBJECT_CONVERSION = YES_AGGRESSIVE;
				CLANG_CXX_LANGUAGE_STANDARD = "gnu++17";
				CLANG_CXX_LIBRARY = "libc++";
				CLANG_ENABLE_MODULES = YES;
				CLANG_ENABLE_OBJC_ARC = YES;
				CLANG_ENABLE_OBJC_WEAK = YES;
				CLANG_WARN_BLOCK_CAPTURE_AUTORELEASING = YES;
				CLANG_WARN_BOOL_CONVERSION = YES;
				CLANG_WARN_COMMA = YES;
				CLANG_WARN_CONSTANT_CONVERSION = YES;
				CLANG_WARN_DEPRECATED_OBJC_IMPLEMENTATIONS = YES;
				CLANG_WARN_DIRECT_OBJC_ISA_USAGE = YES_ERROR;
				CLANG_WARN_DOCUMENTATION_COMMENTS = YES;
				CLANG_WARN_EMPTY_BODY = YES;
				CLANG_WARN_ENUM_CONVERSION = YES;
				CLANG_WARN_INFINITE_RECURSION = YES;
				CLANG_WARN_INT_CONVERSION = YES;
				CLANG_WARN_NON_LITERAL_NULL_CONVERSION = YES;
				CLANG_WARN_OBJC_IMPLICIT_RETAIN_SELF = YES;
				CLANG_WARN_OBJC_LITERAL_CONVERSION = YES;
				CLANG_WARN_OBJC_ROOT_CLASS = YES_ERROR;
				CLANG_WARN_QUOTED_INCLUDE_IN_FRAMEWORK_HEADER = YES;
				CLANG_WARN_RANGE_LOOP_ANALYSIS = YES;
				CLANG_WARN_STRICT_PROTOTYPES = YES;
				CLANG_WARN_SUSPICIOUS_MOVE = YES;
				CLANG_WARN_UNGUARDED_AVAILABILITY = YES_AGGRESSIVE;
				CLANG_WARN_UNREACHABLE_CODE = YES;
				CLANG_WARN__DUPLICATE_METHOD_MATCH = YES;
				COPY_PHASE_STRIP = NO;
				DEBUG_INFORMATION_FORMAT = "dwarf-with-dsym";
				ENABLE_NS_ASSERTIONS = NO;
				ENABLE_STRICT_OBJC_MSGSEND = YES;
				GCC_C_LANGUAGE_STANDARD = gnu11;
				GCC_NO_COMMON_BLOCKS = YES;
				GCC_WARN_64_TO_32_BIT_CONVERSION = YES;
				GCC_WARN_ABOUT_RETURN_TYPE = YES_ERROR;
				GCC_WARN_UNDECLARED_SELECTOR = YES;
				GCC_WARN_UNINITIALIZED_AUTOS = YES_AGGRESSIVE;
				GCC_WARN_UNUSED_FUNCTION = YES;
				GCC_WARN_UNUSED_VARIABLE = YES;
				IPHONEOS_DEPLOYMENT_TARGET = 15.2;
				MTL_ENABLE_DEBUG_INFO = NO;
				MTL_FAST_MATH = YES;
				SDKROOT = iphoneos;
				SWIFT_COMPILATION_MODE = wholemodule;
				SWIFT_OPTIMIZATION_LEVEL = "-O";
				VALIDATE_PRODUCT = YES;
			};
			name = Release;
		};
		3F63AEB3283930290044F15F /* Debug */ = {
			isa = XCBuildConfiguration;
			buildSettings = {
				ASSETCATALOG_COMPILER_APPICON_NAME = AppIcon;
				ASSETCATALOG_COMPILER_GLOBAL_ACCENT_COLOR_NAME = AccentColor;
				CODE_SIGN_STYLE = Automatic;
				CURRENT_PROJECT_VERSION = 1;
				DEVELOPMENT_ASSET_PATHS = "\"Landmarks/Preview Content\"";
				DEVELOPMENT_TEAM = 25SA35C8N2;
				ENABLE_PREVIEWS = YES;
				GENERATE_INFOPLIST_FILE = YES;
				INFOPLIST_KEY_UIApplicationSceneManifest_Generation = YES;
				INFOPLIST_KEY_UIApplicationSupportsIndirectInputEvents = YES;
				INFOPLIST_KEY_UILaunchScreen_Generation = YES;
				INFOPLIST_KEY_UISupportedInterfaceOrientations_iPad = "UIInterfaceOrientationPortrait UIInterfaceOrientationPortraitUpsideDown UIInterfaceOrientationLandscapeLeft UIInterfaceOrientationLandscapeRight";
				INFOPLIST_KEY_UISupportedInterfaceOrientations_iPhone = "UIInterfaceOrientationPortrait UIInterfaceOrientationLandscapeLeft UIInterfaceOrientationLandscapeRight";
				LD_RUNPATH_SEARCH_PATHS = (
					"$(inherited)",
					"@executable_path/Frameworks",
				);
				MARKETING_VERSION = 1.0;
				PRODUCT_BUNDLE_IDENTIFIER = sansai.Landmarks;
				PRODUCT_NAME = "$(TARGET_NAME)";
				SWIFT_EMIT_LOC_STRINGS = YES;
				SWIFT_VERSION = 5.0;
				TARGETED_DEVICE_FAMILY = "1,2";
			};
			name = Debug;
		};
		3F63AEB4283930290044F15F /* Release */ = {
			isa = XCBuildConfiguration;
			buildSettings = {
				ASSETCATALOG_COMPILER_APPICON_NAME = AppIcon;
				ASSETCATALOG_COMPILER_GLOBAL_ACCENT_COLOR_NAME = AccentColor;
				CODE_SIGN_STYLE = Automatic;
				CURRENT_PROJECT_VERSION = 1;
				DEVELOPMENT_ASSET_PATHS = "\"Landmarks/Preview Content\"";
				DEVELOPMENT_TEAM = 25SA35C8N2;
				ENABLE_PREVIEWS = YES;
				GENERATE_INFOPLIST_FILE = YES;
				INFOPLIST_KEY_UIApplicationSceneManifest_Generation = YES;
				INFOPLIST_KEY_UIApplicationSupportsIndirectInputEvents = YES;
				INFOPLIST_KEY_UILaunchScreen_Generation = YES;
				INFOPLIST_KEY_UISupportedInterfaceOrientations_iPad = "UIInterfaceOrientationPortrait UIInterfaceOrientationPortraitUpsideDown UIInterfaceOrientationLandscapeLeft UIInterfaceOrientationLandscapeRight";
				INFOPLIST_KEY_UISupportedInterfaceOrientations_iPhone = "UIInterfaceOrientationPortrait UIInterfaceOrientationLandscapeLeft UIInterfaceOrientationLandscapeRight";
				LD_RUNPATH_SEARCH_PATHS = (
					"$(inherited)",
					"@executable_path/Frameworks",
				);
				MARKETING_VERSION = 1.0;
				PRODUCT_BUNDLE_IDENTIFIER = sansai.Landmarks;
				PRODUCT_NAME = "$(TARGET_NAME)";
				SWIFT_EMIT_LOC_STRINGS = YES;
				SWIFT_VERSION = 5.0;
				TARGETED_DEVICE_FAMILY = "1,2";
			};
			name = Release;
		};
		3F63AEB6283930290044F15F /* Debug */ = {
			isa = XCBuildConfiguration;
			buildSettings = {
				ALWAYS_EMBED_SWIFT_STANDARD_LIBRARIES = YES;
				BUNDLE_LOADER = "$(TEST_HOST)";
				CODE_SIGN_STYLE = Automatic;
				CURRENT_PROJECT_VERSION = 1;
				DEVELOPMENT_TEAM = 25SA35C8N2;
				GENERATE_INFOPLIST_FILE = YES;
				IPHONEOS_DEPLOYMENT_TARGET = 15.2;
				MARKETING_VERSION = 1.0;
				PRODUCT_BUNDLE_IDENTIFIER = sansai.LandmarksTests;
				PRODUCT_NAME = "$(TARGET_NAME)";
				SWIFT_EMIT_LOC_STRINGS = NO;
				SWIFT_VERSION = 5.0;
				TARGETED_DEVICE_FAMILY = "1,2";
				TEST_HOST = "$(BUILT_PRODUCTS_DIR)/Landmarks.app/Landmarks";
			};
			name = Debug;
		};
		3F63AEB7283930290044F15F /* Release */ = {
			isa = XCBuildConfiguration;
			buildSettings = {
				ALWAYS_EMBED_SWIFT_STANDARD_LIBRARIES = YES;
				BUNDLE_LOADER = "$(TEST_HOST)";
				CODE_SIGN_STYLE = Automatic;
				CURRENT_PROJECT_VERSION = 1;
				DEVELOPMENT_TEAM = 25SA35C8N2;
				GENERATE_INFOPLIST_FILE = YES;
				IPHONEOS_DEPLOYMENT_TARGET = 15.2;
				MARKETING_VERSION = 1.0;
				PRODUCT_BUNDLE_IDENTIFIER = sansai.LandmarksTests;
				PRODUCT_NAME = "$(TARGET_NAME)";
				SWIFT_EMIT_LOC_STRINGS = NO;
				SWIFT_VERSION = 5.0;
				TARGETED_DEVICE_FAMILY = "1,2";
				TEST_HOST = "$(BUILT_PRODUCTS_DIR)/Landmarks.app/Landmarks";
			};
			name = Release;
		};
		3F63AEB9283930290044F15F /* Debug */ = {
			isa = XCBuildConfiguration;
			buildSettings = {
				ALWAYS_EMBED_SWIFT_STANDARD_LIBRARIES = YES;
				CODE_SIGN_STYLE = Automatic;
				CURRENT_PROJECT_VERSION = 1;
				DEVELOPMENT_TEAM = 25SA35C8N2;
				GENERATE_INFOPLIST_FILE = YES;
				MARKETING_VERSION = 1.0;
				PRODUCT_BUNDLE_IDENTIFIER = sansai.LandmarksUITests;
				PRODUCT_NAME = "$(TARGET_NAME)";
				SWIFT_EMIT_LOC_STRINGS = NO;
				SWIFT_VERSION = 5.0;
				TARGETED_DEVICE_FAMILY = "1,2";
				TEST_TARGET_NAME = Landmarks;
			};
			name = Debug;
		};
		3F63AEBA283930290044F15F /* Release */ = {
			isa = XCBuildConfiguration;
			buildSettings = {
				ALWAYS_EMBED_SWIFT_STANDARD_LIBRARIES = YES;
				CODE_SIGN_STYLE = Automatic;
				CURRENT_PROJECT_VERSION = 1;
				DEVELOPMENT_TEAM = 25SA35C8N2;
				GENERATE_INFOPLIST_FILE = YES;
				MARKETING_VERSION = 1.0;
				PRODUCT_BUNDLE_IDENTIFIER = sansai.LandmarksUITests;
				PRODUCT_NAME = "$(TARGET_NAME)";
				SWIFT_EMIT_LOC_STRINGS = NO;
				SWIFT_VERSION = 5.0;
				TARGETED_DEVICE_FAMILY = "1,2";
				TEST_TARGET_NAME = Landmarks;
			};
			name = Release;
		};
/* End XCBuildConfiguration section */

/* Begin XCConfigurationList section */
		3F63AE89283930280044F15F /* Build configuration list for PBXProject "Landmarks" */ = {
			isa = XCConfigurationList;
			buildConfigurations = (
				3F63AEB0283930290044F15F /* Debug */,
				3F63AEB1283930290044F15F /* Release */,
			);
			defaultConfigurationIsVisible = 0;
			defaultConfigurationName = Release;
		};
		3F63AEB2283930290044F15F /* Build configuration list for PBXNativeTarget "Landmarks" */ = {
			isa = XCConfigurationList;
			buildConfigurations = (
				3F63AEB3283930290044F15F /* Debug */,
				3F63AEB4283930290044F15F /* Release */,
			);
			defaultConfigurationIsVisible = 0;
			defaultConfigurationName = Release;
		};
		3F63AEB5283930290044F15F /* Build configuration list for PBXNativeTarget "LandmarksTests" */ = {
			isa = XCConfigurationList;
			buildConfigurations = (
				3F63AEB6283930290044F15F /* Debug */,
				3F63AEB7283930290044F15F /* Release */,
			);
			defaultConfigurationIsVisible = 0;
			defaultConfigurationName = Release;
		};
		3F63AEB8283930290044F15F /* Build configuration list for PBXNativeTarget "LandmarksUITests" */ = {
			isa = XCConfigurationList;
			buildConfigurations = (
				3F63AEB9283930290044F15F /* Debug */,
				3F63AEBA283930290044F15F /* Release */,
			);
			defaultConfigurationIsVisible = 0;
			defaultConfigurationName = Release;
		};
/* End XCConfigurationList section */
	};
	rootObject = 3F63AE86283930280044F15F /* Project object */;
}
